{
  "version": 4,
  "terraform_version": "1.6.2",
  "serial": 186,
  "lineage": "18f7a72f-d936-d6d4-06ce-d12eb9490874",
  "outputs": {},
  "resources": [
    {
      "mode": "managed",
      "type": "google_compute_network",
      "name": "abdo_vpc",
      "provider": "provider[\"registry.terraform.io/hashicorp/google\"]",
      "instances": [
        {
          "schema_version": 0,
          "attributes": {
            "auto_create_subnetworks": false,
            "delete_default_routes_on_create": false,
            "description": "",
            "enable_ula_internal_ipv6": false,
            "gateway_ipv4": "",
            "id": "projects/first-project-gcp-course/global/networks/tf-test",
            "internal_ipv6_range": "",
            "mtu": 0,
            "name": "tf-test",
            "network_firewall_policy_enforcement_order": "AFTER_CLASSIC_FIREWALL",
            "project": "first-project-gcp-course",
            "routing_mode": "REGIONAL",
            "self_link": "https://www.googleapis.com/compute/v1/projects/first-project-gcp-course/global/networks/tf-test",
            "timeouts": null
          },
          "sensitive_attributes": [],
          "private": "eyJlMmJmYjczMC1lY2FhLTExZTYtOGY4OC0zNDM2M2JjN2M0YzAiOnsiY3JlYXRlIjoxMjAwMDAwMDAwMDAwLCJkZWxldGUiOjEyMDAwMDAwMDAwMDAsInVwZGF0ZSI6MTIwMDAwMDAwMDAwMH19"
        }
      ]
    },
    {
      "mode": "managed",
      "type": "google_compute_subnetwork",
      "name": "management_subnet",
      "provider": "provider[\"registry.terraform.io/hashicorp/google\"]",
      "instances": [
        {
          "schema_version": 0,
          "attributes": {
            "creation_timestamp": "2023-10-23T01:45:23.884-07:00",
            "description": "",
            "external_ipv6_prefix": "",
            "fingerprint": null,
            "gateway_address": "10.10.2.1",
            "id": "projects/first-project-gcp-course/regions/asia-east1/subnetworks/management-subnet",
            "internal_ipv6_prefix": "",
            "ip_cidr_range": "10.10.2.0/24",
            "ipv6_access_type": "",
            "ipv6_cidr_range": "",
            "log_config": [],
            "name": "management-subnet",
            "network": "https://www.googleapis.com/compute/v1/projects/first-project-gcp-course/global/networks/tf-test",
            "private_ip_google_access": false,
            "private_ipv6_google_access": "DISABLE_GOOGLE_ACCESS",
            "project": "first-project-gcp-course",
            "purpose": "PRIVATE",
            "region": "asia-east1",
            "role": "",
            "secondary_ip_range": [],
            "self_link": "https://www.googleapis.com/compute/v1/projects/first-project-gcp-course/regions/asia-east1/subnetworks/management-subnet",
            "stack_type": "IPV4_ONLY",
            "timeouts": null
          },
          "sensitive_attributes": [],
          "private": "eyJlMmJmYjczMC1lY2FhLTExZTYtOGY4OC0zNDM2M2JjN2M0YzAiOnsiY3JlYXRlIjoxMjAwMDAwMDAwMDAwLCJkZWxldGUiOjEyMDAwMDAwMDAwMDAsInVwZGF0ZSI6MTIwMDAwMDAwMDAwMH19",
          "dependencies": [
            "google_compute_network.abdo_vpc"
          ]
        }
      ]
    },
    {
      "mode": "managed",
      "type": "google_compute_subnetwork",
      "name": "workload_subnet",
      "provider": "provider[\"registry.terraform.io/hashicorp/google\"]",
      "instances": [
        {
          "schema_version": 0,
          "attributes": {
            "creation_timestamp": "2023-10-23T01:45:24.507-07:00",
            "description": "",
            "external_ipv6_prefix": "",
            "fingerprint": null,
            "gateway_address": "10.10.3.1",
            "id": "projects/first-project-gcp-course/regions/asia-east2/subnetworks/workload-subnet",
            "internal_ipv6_prefix": "",
            "ip_cidr_range": "10.10.3.0/24",
            "ipv6_access_type": "",
            "ipv6_cidr_range": "",
            "log_config": [],
            "name": "workload-subnet",
            "network": "https://www.googleapis.com/compute/v1/projects/first-project-gcp-course/global/networks/tf-test",
            "private_ip_google_access": true,
            "private_ipv6_google_access": "DISABLE_GOOGLE_ACCESS",
            "project": "first-project-gcp-course",
            "purpose": "PRIVATE",
            "region": "asia-east2",
            "role": "",
            "secondary_ip_range": [
              {
                "ip_cidr_range": "10.196.0.0/20",
                "range_name": "gke-private-cluster-services-a93ad8f4"
              },
              {
                "ip_cidr_range": "10.192.0.0/14",
                "range_name": "gke-private-cluster-pods-a93ad8f4"
              }
            ],
            "self_link": "https://www.googleapis.com/compute/v1/projects/first-project-gcp-course/regions/asia-east2/subnetworks/workload-subnet",
            "stack_type": "IPV4_ONLY",
            "timeouts": null
          },
          "sensitive_attributes": [],
          "private": "eyJlMmJmYjczMC1lY2FhLTExZTYtOGY4OC0zNDM2M2JjN2M0YzAiOnsiY3JlYXRlIjoxMjAwMDAwMDAwMDAwLCJkZWxldGUiOjEyMDAwMDAwMDAwMDAsInVwZGF0ZSI6MTIwMDAwMDAwMDAwMH19",
          "dependencies": [
            "google_compute_network.abdo_vpc"
          ]
        }
      ]
    },
    {
      "mode": "managed",
      "type": "google_container_cluster",
      "name": "private-gke",
      "provider": "provider[\"registry.terraform.io/hashicorp/google\"]",
      "instances": [
        {
          "schema_version": 2,
          "attributes": {
            "addons_config": [
              {
                "cloudrun_config": [],
                "config_connector_config": [],
                "dns_cache_config": [],
                "gce_persistent_disk_csi_driver_config": [
                  {
                    "enabled": true
                  }
                ],
                "gcp_filestore_csi_driver_config": [],
                "gcs_fuse_csi_driver_config": [],
                "gke_backup_agent_config": [],
                "horizontal_pod_autoscaling": [],
                "http_load_balancing": [],
                "network_policy_config": [
                  {
                    "disabled": true
                  }
                ]
              }
            ],
            "allow_net_admin": null,
            "authenticator_groups_config": [],
            "binary_authorization": [
              {
                "enabled": false,
                "evaluation_mode": ""
              }
            ],
            "cluster_autoscaling": [
              {
                "auto_provisioning_defaults": [],
                "enabled": false,
                "resource_limits": []
              }
            ],
            "cluster_ipv4_cidr": "10.192.0.0/14",
            "confidential_nodes": [],
            "cost_management_config": [],
            "database_encryption": [
              {
                "key_name": "",
                "state": "DECRYPTED"
              }
            ],
            "datapath_provider": "",
            "default_max_pods_per_node": 110,
            "default_snat_status": [
              {
                "disabled": false
              }
            ],
            "deletion_protection": true,
            "description": "",
            "dns_config": [],
            "enable_autopilot": false,
            "enable_intranode_visibility": false,
            "enable_k8s_beta_apis": [],
            "enable_kubernetes_alpha": false,
            "enable_l4_ilb_subsetting": false,
            "enable_legacy_abac": false,
            "enable_shielded_nodes": true,
            "enable_tpu": false,
            "endpoint": "172.16.0.34",
            "gateway_api_config": [],
            "id": "projects/first-project-gcp-course/locations/asia-east2/clusters/private-cluster",
            "initial_node_count": 1,
            "ip_allocation_policy": [
              {
                "additional_pod_ranges_config": [],
                "cluster_ipv4_cidr_block": "10.192.0.0/14",
                "cluster_secondary_range_name": "gke-private-cluster-pods-a93ad8f4",
                "pod_cidr_overprovision_config": [
                  {
                    "disabled": false
                  }
                ],
                "services_ipv4_cidr_block": "10.196.0.0/20",
                "services_secondary_range_name": "gke-private-cluster-services-a93ad8f4",
                "stack_type": "IPV4"
              }
            ],
            "label_fingerprint": "a9dc16a7",
            "location": "asia-east2",
            "logging_config": [
              {
                "enable_components": [
                  "SYSTEM_COMPONENTS",
                  "WORKLOADS"
                ]
              }
            ],
            "logging_service": "logging.googleapis.com/kubernetes",
            "maintenance_policy": [],
            "master_auth": [
              {
                "client_certificate": "",
                "client_certificate_config": [
                  {
                    "issue_client_certificate": false
                  }
                ],
                "client_key": "",
                "cluster_ca_certificate": "LS0tLS1CRUdJTiBDRVJUSUZJQ0FURS0tLS0tCk1JSUVMVENDQXBXZ0F3SUJBZ0lSQVBrZEhzUkVsVk9jZE95M2JWZUNpOWN3RFFZSktvWklodmNOQVFFTEJRQXcKTHpFdE1Dc0dBMVVFQXhNa01qRXpPRFUxTldRdE5qUTFOUzAwTXpCbUxXSmtZamN0WkRRek9XUXdZbVJpWldFMApNQ0FYRFRJek1UQXlNekE0TVRBek5sb1lEekl3TlRNeE1ERTFNRGt4TURNMldqQXZNUzB3S3dZRFZRUURFeVF5Ck1UTTROVFUxWkMwMk5EVTFMVFF6TUdZdFltUmlOeTFrTkRNNVpEQmlaR0psWVRRd2dnR2lNQTBHQ1NxR1NJYjMKRFFFQkFRVUFBNElCandBd2dnR0tBb0lCZ1FEWlo0Q01lK3JoRnoxMjNxMnhRdTh2N1JKSUd2R3V1dEVBWjBiNgpKL1IvVXJIbjRFTUFaeG9mdXQrQ3k2ZytXVFVJM2xCRFEvWnMvMHNJeS9kM2tjSWg5b2xicHhNTFQzRGhJRkcyCng2Zk1FQUVsKzc0eUt1ZytlOUNZRFhBODVQa0dZRmQzUE1pUExCQ0g3dk4rM2R2WEZmd1VOM1g3STlaenJNeGIKWFA4UXFUUWRwcXpmR0RWZ2ZTcUdyb01hVDJlc0ZQTmpDTUx0S1ZxVURTYU9RenVrUXM3d2VCMjg3MHZrdmdRUwpma21nemc5ZWZDQkhwQk4xSDI0dFEwVTRoUW11SC94VGtuVmhxRFpnQ2lPSjljTUF0U0NpUWx0ZCt2K0E2a1BJCmR3VFllOS8xek9YUUZmWG0xTzlqZXhxZE81MmE2cW1URTJSTzFlc2RrKzJtYzJrdnJ4TGQ3c3NPRlMvTVExOFIKYmN0U2N6aXZYY2hDM2RheVVKUlVuTjlHMVIvbVZaNEdGSjY0N01sd25ncERKVHBTRUJYM0ZvbndxOGdoWmlHYwpaTFRxM0dDSHZpczlkU1B6b0tVcUNXVGljQ21xQnVzR0FCMTV3QmNmOG5wUWc0VldpSnlXNFI2Z3J1ZWQ0MmhWCnQ3RU81K0libzhQb3drUmhiTGZ1cVJEUlR5VUNBd0VBQWFOQ01FQXdEZ1lEVlIwUEFRSC9CQVFEQWdJRU1BOEcKQTFVZEV3RUIvd1FGTUFNQkFmOHdIUVlEVlIwT0JCWUVGRm4xTFFiZDNhaGV1NkswSDJYVnFzeTdkNEhKTUEwRwpDU3FHU0liM0RRRUJDd1VBQTRJQmdRQXpwenVDM0NBV3FGWC84WVh4YnJhT21Hc3BOdUNpL1VaeStFaTgrbmVvCmVXVE1VT2RjbDBvUEZkTEdjTUlWMFBCR25GdC9rOGwvZWQ0b2I3cDFpWW5QRitOY1M2TDF0L3cvaTNpNUtVT24KZHd4OVhlNzVDM01MeG5DM213QjNDUG5OM01MVmFTRUt1SVFDR3ljbE9oOTNGNjIwODJjd0ZHTHIrWFpINWJFZApmREIwRVlWdW9kK1FZc25Udi9aTVhMaEgwdGNtK0o3TzBId2R2U01wZWgwSDYxSlNsRjlJc1dlUUhjdnF4eVBLCnRIeEgzMFhoWnBabjhwSS9zOERUdFYvMkVNRkcranNsRW11RzVTc0hQT2hTOGdkYU80NTVjQjZRS0FWSmxHSE4KRWpsdjRkY2lpRlZnc25kRGUzZ0pBR1JvamtaNUZBQ29UN0IxaUlNeXFyZkhPQU9xRTgwQTl4RncrdVZ3NDQzQgo3aVlXT2ZhZEh6US9sdDVndFNDNnN0Zml0KzZVV1B5WkdXWlJMekMySndJN3dCYTQwbjl4cWNuVlNYWnJ5VDVSCjhJM1pxejNPUFE5NXl0QjlJTWkzUXVSSXA2NWNEdjdMcVRXdGtFK1daeGpzbkFnQjg0THpRZEIvZ2phL1M5NGgKdXF2cTZqV1ZqYnVxbjBPdHNKWWJTS1U9Ci0tLS0tRU5EIENFUlRJRklDQVRFLS0tLS0K"
              }
            ],
            "master_authorized_networks_config": [
              {
                "cidr_blocks": [
                  {
                    "cidr_block": "10.10.2.0/24",
                    "display_name": "external access"
                  }
                ],
                "gcp_public_cidrs_access_enabled": false
              }
            ],
            "master_version": "1.27.3-gke.100",
            "mesh_certificates": [],
            "min_master_version": null,
            "monitoring_config": [
              {
                "advanced_datapath_observability_config": [
                  {
                    "enable_metrics": false,
                    "relay_mode": "DISABLED"
                  }
                ],
                "enable_components": [
                  "SYSTEM_COMPONENTS"
                ],
                "managed_prometheus": [
                  {
                    "enabled": true
                  }
                ]
              }
            ],
            "monitoring_service": "monitoring.googleapis.com/kubernetes",
            "name": "private-cluster",
            "network": "projects/first-project-gcp-course/global/networks/tf-test",
            "network_policy": [
              {
                "enabled": false,
                "provider": "PROVIDER_UNSPECIFIED"
              }
            ],
            "networking_mode": "VPC_NATIVE",
            "node_config": [
              {
                "advanced_machine_features": [],
                "boot_disk_kms_key": "",
                "confidential_nodes": [],
                "disk_size_gb": 100,
                "disk_type": "pd-balanced",
                "effective_taints": [],
                "ephemeral_storage_local_ssd_config": [],
                "fast_socket": [],
                "gcfs_config": [],
                "guest_accelerator": [],
                "gvnic": [],
                "host_maintenance_policy": [],
                "image_type": "COS_CONTAINERD",
                "kubelet_config": [],
                "labels": {},
                "linux_node_config": [],
                "local_nvme_ssd_block_config": [],
                "local_ssd_count": 0,
                "logging_variant": "DEFAULT",
                "machine_type": "e2-small",
                "metadata": {
                  "disable-legacy-endpoints": "true"
                },
                "min_cpu_platform": "",
                "node_group": "",
                "oauth_scopes": [
                  "https://www.googleapis.com/auth/cloud-platform"
                ],
                "preemptible": true,
                "reservation_affinity": [],
                "resource_labels": {},
                "service_account": "gke-service-account@first-project-gcp-course.iam.gserviceaccount.com",
                "shielded_instance_config": [
                  {
                    "enable_integrity_monitoring": true,
                    "enable_secure_boot": false
                  }
                ],
                "sole_tenant_config": [],
                "spot": false,
                "tags": [],
                "taint": [],
                "workload_metadata_config": []
              }
            ],
            "node_locations": [
              "asia-east2-a",
              "asia-east2-b",
              "asia-east2-c"
            ],
            "node_pool": [
              {
                "autoscaling": [],
                "initial_node_count": 1,
                "instance_group_urls": [
                  "https://www.googleapis.com/compute/v1/projects/first-project-gcp-course/zones/asia-east2-a/instanceGroupManagers/gke-private-cluster-node-pool-11ca1f3f-grp",
                  "https://www.googleapis.com/compute/v1/projects/first-project-gcp-course/zones/asia-east2-b/instanceGroupManagers/gke-private-cluster-node-pool-215a0da1-grp",
                  "https://www.googleapis.com/compute/v1/projects/first-project-gcp-course/zones/asia-east2-c/instanceGroupManagers/gke-private-cluster-node-pool-c53bb626-grp"
                ],
                "managed_instance_group_urls": [
                  "https://www.googleapis.com/compute/v1/projects/first-project-gcp-course/zones/asia-east2-a/instanceGroups/gke-private-cluster-node-pool-11ca1f3f-grp",
                  "https://www.googleapis.com/compute/v1/projects/first-project-gcp-course/zones/asia-east2-b/instanceGroups/gke-private-cluster-node-pool-215a0da1-grp",
                  "https://www.googleapis.com/compute/v1/projects/first-project-gcp-course/zones/asia-east2-c/instanceGroups/gke-private-cluster-node-pool-c53bb626-grp"
                ],
                "management": [
                  {
                    "auto_repair": true,
                    "auto_upgrade": true
                  }
                ],
                "max_pods_per_node": 110,
                "name": "node-pool",
                "name_prefix": "",
                "network_config": [
                  {
                    "create_pod_range": false,
                    "enable_private_nodes": false,
                    "pod_cidr_overprovision_config": [],
                    "pod_ipv4_cidr_block": "10.192.0.0/14",
                    "pod_range": "gke-private-cluster-pods-a93ad8f4"
                  }
                ],
                "node_config": [
                  {
                    "advanced_machine_features": [],
                    "boot_disk_kms_key": "",
                    "confidential_nodes": [],
                    "disk_size_gb": 100,
                    "disk_type": "pd-balanced",
                    "effective_taints": [],
                    "ephemeral_storage_local_ssd_config": [],
                    "fast_socket": [],
                    "gcfs_config": [],
                    "guest_accelerator": [],
                    "gvnic": [],
                    "host_maintenance_policy": [],
                    "image_type": "COS_CONTAINERD",
                    "kubelet_config": [],
                    "labels": {},
                    "linux_node_config": [],
                    "local_nvme_ssd_block_config": [],
                    "local_ssd_count": 0,
                    "logging_variant": "DEFAULT",
                    "machine_type": "e2-small",
                    "metadata": {
                      "disable-legacy-endpoints": "true"
                    },
                    "min_cpu_platform": "",
                    "node_group": "",
                    "oauth_scopes": [
                      "https://www.googleapis.com/auth/cloud-platform"
                    ],
                    "preemptible": true,
                    "reservation_affinity": [],
                    "resource_labels": {},
                    "service_account": "gke-service-account@first-project-gcp-course.iam.gserviceaccount.com",
                    "shielded_instance_config": [
                      {
                        "enable_integrity_monitoring": true,
                        "enable_secure_boot": false
                      }
                    ],
                    "sole_tenant_config": [],
                    "spot": false,
                    "tags": [],
                    "taint": [],
                    "workload_metadata_config": []
                  }
                ],
                "node_count": 1,
                "node_locations": [
                  "asia-east2-a",
                  "asia-east2-b",
                  "asia-east2-c"
                ],
                "placement_policy": [],
                "upgrade_settings": [
                  {
                    "blue_green_settings": [],
                    "max_surge": 1,
                    "max_unavailable": 0,
                    "strategy": "SURGE"
                  }
                ],
                "version": "1.27.3-gke.100"
              }
            ],
            "node_pool_auto_config": [],
            "node_pool_defaults": [
              {
                "node_config_defaults": [
                  {
                    "logging_variant": "DEFAULT"
                  }
                ]
              }
            ],
            "node_version": "1.27.3-gke.100",
            "notification_config": [
              {
                "pubsub": [
                  {
                    "enabled": false,
                    "filter": [],
                    "topic": ""
                  }
                ]
              }
            ],
            "operation": null,
            "private_cluster_config": [
              {
                "enable_private_endpoint": true,
                "enable_private_nodes": true,
                "master_global_access_config": [
                  {
                    "enabled": true
                  }
                ],
                "master_ipv4_cidr_block": "172.16.0.32/28",
                "peering_name": "gke-n806d87b426a455a5870-a352-1a2e-peer",
                "private_endpoint": "172.16.0.34",
                "private_endpoint_subnetwork": "",
                "public_endpoint": "34.92.204.36"
              }
            ],
            "private_ipv6_google_access": "",
            "project": "first-project-gcp-course",
            "release_channel": [
              {
                "channel": "REGULAR"
              }
            ],
            "remove_default_node_pool": true,
            "resource_labels": {},
            "resource_usage_export_config": [],
            "security_posture_config": [
              {
                "mode": "BASIC",
                "vulnerability_mode": "VULNERABILITY_MODE_UNSPECIFIED"
              }
            ],
            "self_link": "https://container.googleapis.com/v1/projects/first-project-gcp-course/locations/asia-east2/clusters/private-cluster",
            "service_external_ips_config": [
              {
                "enabled": false
              }
            ],
            "services_ipv4_cidr": "10.196.0.0/20",
            "subnetwork": "projects/first-project-gcp-course/regions/asia-east2/subnetworks/workload-subnet",
            "timeouts": null,
            "tpu_ipv4_cidr_block": "",
            "vertical_pod_autoscaling": [],
            "workload_identity_config": []
          },
          "sensitive_attributes": [],
          "private": "eyJlMmJmYjczMC1lY2FhLTExZTYtOGY4OC0zNDM2M2JjN2M0YzAiOnsiY3JlYXRlIjoyNDAwMDAwMDAwMDAwLCJkZWxldGUiOjI0MDAwMDAwMDAwMDAsInJlYWQiOjI0MDAwMDAwMDAwMDAsInVwZGF0ZSI6MzYwMDAwMDAwMDAwMH0sInNjaGVtYV92ZXJzaW9uIjoiMiJ9",
          "dependencies": [
            "google_compute_network.abdo_vpc",
            "google_compute_subnetwork.management_subnet",
            "google_compute_subnetwork.workload_subnet",
            "module.network.google_compute_network.abdo_vpc",
            "module.network.google_compute_subnetwork.management_subnet",
            "module.network.google_compute_subnetwork.workload_subnet"
          ]
        }
      ]
    }
  ],
  "check_results": null
}
