{
  "version": 4,
  "terraform_version": "1.6.2",
  "serial": 216,
  "lineage": "18f7a72f-d936-d6d4-06ce-d12eb9490874",
  "outputs": {},
  "resources": [
    {
      "mode": "managed",
      "type": "google_artifact_registry_repository",
      "name": "my-repo",
      "provider": "provider[\"registry.terraform.io/hashicorp/google\"]",
      "instances": [
        {
          "schema_version": 0,
          "attributes": {
            "create_time": "2023-10-23T17:38:43.228685Z",
            "description": "example docker repository",
            "docker_config": [],
            "effective_labels": {},
            "format": "DOCKER",
            "id": "projects/first-project-gcp-course/locations/asia-east1/repositories/my-repository",
            "kms_key_name": "",
            "labels": {},
            "location": "asia-east1",
            "maven_config": [],
            "mode": "STANDARD_REPOSITORY",
            "name": "my-repository",
            "project": "first-project-gcp-course",
            "remote_repository_config": [],
            "repository_id": "my-repository",
            "terraform_labels": {},
            "timeouts": null,
            "update_time": "2023-10-23T17:38:43.228685Z",
            "virtual_repository_config": []
          },
          "sensitive_attributes": [],
          "private": "eyJlMmJmYjczMC1lY2FhLTExZTYtOGY4OC0zNDM2M2JjN2M0YzAiOnsiY3JlYXRlIjoxMjAwMDAwMDAwMDAwLCJkZWxldGUiOjEyMDAwMDAwMDAwMDAsInVwZGF0ZSI6MTIwMDAwMDAwMDAwMH19"
        }
      ]
    },
    {
      "mode": "managed",
      "type": "google_compute_instance",
      "name": "my_vm",
      "provider": "provider[\"registry.terraform.io/hashicorp/google\"]",
      "instances": [
        {
          "schema_version": 6,
          "attributes": {
            "advanced_machine_features": [],
            "allow_stopping_for_update": null,
            "attached_disk": [],
            "boot_disk": [
              {
                "auto_delete": true,
                "device_name": "persistent-disk-0",
                "disk_encryption_key_raw": "",
                "disk_encryption_key_sha256": "",
                "initialize_params": [
                  {
                    "image": "https://www.googleapis.com/compute/v1/projects/debian-cloud/global/images/debian-11-bullseye-v20231010",
                    "labels": {},
                    "resource_manager_tags": {},
                    "size": 10,
                    "type": "pd-standard"
                  }
                ],
                "kms_key_self_link": "",
                "mode": "READ_WRITE",
                "source": "https://www.googleapis.com/compute/v1/projects/first-project-gcp-course/zones/asia-east1-b/disks/nat-private-vm"
              }
            ],
            "can_ip_forward": false,
            "confidential_instance_config": [],
            "cpu_platform": "Intel Broadwell",
            "current_status": "RUNNING",
            "deletion_protection": false,
            "description": "",
            "desired_status": null,
            "effective_labels": {},
            "enable_display": false,
            "guest_accelerator": [],
            "hostname": "",
            "id": "projects/first-project-gcp-course/zones/asia-east1-b/instances/nat-private-vm",
            "instance_id": "7918996678434818651",
            "label_fingerprint": "42WmSpB8rSM=",
            "labels": {},
            "machine_type": "e2-micro",
            "metadata": {},
            "metadata_fingerprint": "2WKzGraXJfo=",
            "metadata_startup_script": "\n#!/bin/bash\n\n# Install Google Cloud SDK and Kubernetes CLI\n# Add necessary repositories and update package list\n\n# Update package repositories\nif ! sudo apt-get update -y; then\n    echo \"Failed to update package repositories. Exiting.\"\n    exit 1\nfi\n\n# Install Google Cloud SDK\nsudo apt-get install apt-transport-https ca-certificates gnupg -y\necho \"deb [signed-by=/usr/share/keyrings/cloud.google.gpg] https://packages.cloud.google.com/apt cloud-sdk main\" | sudo tee -a /etc/apt/sources.list.d/google-cloud-sdk.list\ncurl https://packages.cloud.google.com/apt/doc/apt-key.gpg | sudo apt-key --keyring /usr/share/keyrings/cloud.google.gpg add -\nsudo apt-get update -y \u0026\u0026 sudo apt-get install google-cloud-sdk -y\n\n# Install Kubernetes CLI\nsudo apt-get install kubectl -y\n\n# Install additional components if needed\nsudo apt-get install google-cloud-sdk-gke-gcloud-auth-plugin -y\n\n# Run gcloud initialization (requires user interaction)\ngcloud init\n\n# Note: Consider adding more specific instructions or handling for gcloud init based on your requirements.\n\nsudo apt update\nsudo apt install apt-transport-https ca-certificates curl software-properties-common\ncurl -fsSL https://download.docker.com/linux/debian/gpg | sudo gpg --dearmor -o /usr/share/keyrings/docker-archive-keyring.gpg\necho \"deb [arch=amd64 signed-by=/usr/share/keyrings/docker-archive-keyring.gpg] https://download.docker.com/linux/debian $(lsb_release -cs) stable\" | sudo tee /etc/apt/sources.list.d/docker.list \u003e /dev/null\nsudo apt update\nsudo apt install docker-ce docker-ce-cli containerd.io\nsudo systemctl start docker\nsudo systemctl enable docker\nsudo docker --version\n\n\ndocker build -t asia-east1-docker.pkg.dev/first-project-gcp-course/my-repository/mongo:5.0.15 .\ngcloud auth configure-docker asia-east1-docker.pkg.dev\ndocker push asia-east1-docker.pkg.dev/first-project-gcp-course/my-repository/mongo:5.0.15\n",
            "min_cpu_platform": "",
            "name": "nat-private-vm",
            "network_interface": [
              {
                "access_config": [],
                "alias_ip_range": [],
                "internal_ipv6_prefix_length": 0,
                "ipv6_access_config": [],
                "ipv6_access_type": "",
                "ipv6_address": "",
                "name": "nic0",
                "network": "https://www.googleapis.com/compute/v1/projects/first-project-gcp-course/global/networks/tf-test",
                "network_ip": "10.10.2.3",
                "nic_type": "",
                "queue_count": 0,
                "stack_type": "IPV4_ONLY",
                "subnetwork": "https://www.googleapis.com/compute/v1/projects/first-project-gcp-course/regions/asia-east1/subnetworks/management-subnet",
                "subnetwork_project": "first-project-gcp-course"
              }
            ],
            "network_performance_config": [],
            "params": [],
            "project": "first-project-gcp-course",
            "reservation_affinity": [],
            "resource_policies": [],
            "scheduling": [
              {
                "automatic_restart": true,
                "instance_termination_action": "",
                "local_ssd_recovery_timeout": [],
                "min_node_cpus": 0,
                "node_affinities": [],
                "on_host_maintenance": "MIGRATE",
                "preemptible": false,
                "provisioning_model": "STANDARD"
              }
            ],
            "scratch_disk": [],
            "self_link": "https://www.googleapis.com/compute/v1/projects/first-project-gcp-course/zones/asia-east1-b/instances/nat-private-vm",
            "service_account": [
              {
                "email": "vm-machine-service-account@first-project-gcp-course.iam.gserviceaccount.com",
                "scopes": [
                  "https://www.googleapis.com/auth/cloud-platform"
                ]
              }
            ],
            "shielded_instance_config": [
              {
                "enable_integrity_monitoring": true,
                "enable_secure_boot": false,
                "enable_vtpm": true
              }
            ],
            "tags": [],
            "tags_fingerprint": "42WmSpB8rSM=",
            "terraform_labels": {},
            "timeouts": null,
            "zone": "asia-east1-b"
          },
          "sensitive_attributes": [],
          "private": "eyJlMmJmYjczMC1lY2FhLTExZTYtOGY4OC0zNDM2M2JjN2M0YzAiOnsiY3JlYXRlIjoxMjAwMDAwMDAwMDAwLCJkZWxldGUiOjEyMDAwMDAwMDAwMDAsInVwZGF0ZSI6MTIwMDAwMDAwMDAwMH0sInNjaGVtYV92ZXJzaW9uIjoiNiJ9",
          "dependencies": [
            "google_service_account.vm_service_account",
            "module.network.google_compute_network.abdo_vpc",
            "module.network.google_compute_subnetwork.management_subnet"
          ]
        }
      ]
    },
    {
      "mode": "managed",
      "type": "google_container_cluster",
      "name": "private-gke",
      "provider": "provider[\"registry.terraform.io/hashicorp/google\"]",
      "instances": [
        {
          "schema_version": 2,
          "attributes": {
            "addons_config": [
              {
                "cloudrun_config": [],
                "config_connector_config": [],
                "dns_cache_config": [],
                "gce_persistent_disk_csi_driver_config": [
                  {
                    "enabled": true
                  }
                ],
                "gcp_filestore_csi_driver_config": [],
                "gcs_fuse_csi_driver_config": [],
                "gke_backup_agent_config": [],
                "horizontal_pod_autoscaling": [],
                "http_load_balancing": [],
                "network_policy_config": [
                  {
                    "disabled": true
                  }
                ]
              }
            ],
            "allow_net_admin": null,
            "authenticator_groups_config": [],
            "binary_authorization": [
              {
                "enabled": false,
                "evaluation_mode": ""
              }
            ],
            "cluster_autoscaling": [
              {
                "auto_provisioning_defaults": [],
                "enabled": false,
                "resource_limits": []
              }
            ],
            "cluster_ipv4_cidr": "10.192.0.0/14",
            "confidential_nodes": [],
            "cost_management_config": [],
            "database_encryption": [
              {
                "key_name": "",
                "state": "DECRYPTED"
              }
            ],
            "datapath_provider": "",
            "default_max_pods_per_node": 110,
            "default_snat_status": [
              {
                "disabled": false
              }
            ],
            "deletion_protection": false,
            "description": "",
            "dns_config": [],
            "enable_autopilot": false,
            "enable_intranode_visibility": false,
            "enable_k8s_beta_apis": [],
            "enable_kubernetes_alpha": false,
            "enable_l4_ilb_subsetting": false,
            "enable_legacy_abac": false,
            "enable_shielded_nodes": true,
            "enable_tpu": false,
            "endpoint": "172.16.0.34",
            "gateway_api_config": [],
            "id": "projects/first-project-gcp-course/locations/asia-east2/clusters/private-cluster",
            "initial_node_count": 1,
            "ip_allocation_policy": [
              {
                "additional_pod_ranges_config": [],
                "cluster_ipv4_cidr_block": "10.192.0.0/14",
                "cluster_secondary_range_name": "gke-private-cluster-pods-2bc88502",
                "pod_cidr_overprovision_config": [
                  {
                    "disabled": false
                  }
                ],
                "services_ipv4_cidr_block": "10.196.0.0/20",
                "services_secondary_range_name": "gke-private-cluster-services-2bc88502",
                "stack_type": "IPV4"
              }
            ],
            "label_fingerprint": "a9dc16a7",
            "location": "asia-east2",
            "logging_config": [
              {
                "enable_components": [
                  "SYSTEM_COMPONENTS",
                  "WORKLOADS"
                ]
              }
            ],
            "logging_service": "logging.googleapis.com/kubernetes",
            "maintenance_policy": [],
            "master_auth": [
              {
                "client_certificate": "",
                "client_certificate_config": [
                  {
                    "issue_client_certificate": false
                  }
                ],
                "client_key": "",
                "cluster_ca_certificate": "LS0tLS1CRUdJTiBDRVJUSUZJQ0FURS0tLS0tCk1JSUVMVENDQXBXZ0F3SUJBZ0lSQU5Vck12MUM5TU1Ba3BOTkxDcTVDbnN3RFFZSktvWklodmNOQVFFTEJRQXcKTHpFdE1Dc0dBMVVFQXhNa04yVmpOekU1TlRJdFpEQXdNeTAwTm1VekxXSXlNbVV0TldOaE9EZGhaVEpqTmpsaApNQ0FYRFRJek1UQXlNekUyTXprek9Gb1lEekl3TlRNeE1ERTFNVGN6T1RNNFdqQXZNUzB3S3dZRFZRUURFeVEzClpXTTNNVGsxTWkxa01EQXpMVFEyWlRNdFlqSXlaUzAxWTJFNE4yRmxNbU0yT1dFd2dnR2lNQTBHQ1NxR1NJYjMKRFFFQkFRVUFBNElCandBd2dnR0tBb0lCZ1FEVEhUYVhDUkt5Z2EwTVlFbG5qSS92M050N1BhcEtuTGhQeVU4VQpiYlNLMzJmL1ZnUElZK2Y5d2drSU1qd1BjR3ZPNFJXVmN4VENDcW12UStoeGk4MlFycnRJV0FUMkNFTjl3RXVDCnF4QnRCalMxMjdCTU4rY2dBM3J6RDR2ampnRk4rOWxsWGFpT0hvRjJkM0hKQzRLL1BVNmtObUVXckpXcnd2UGMKQ1h2RE5iYmdWK2diQ1REUWdKblZBbjY1bTd0b1p2bkh1UEdtdHR4dHFVemtMUzZOZ1k1M2J0UXI1Qjh0eEg5SAp1U2RyOGgwOWlmeW9sSG5zMUJySFFrTlZBRlFsY0ZGYm54LzVzM0dGWG85L2xqTGg2c3FMWkZUWHl4c0VocnRCCldQY2ZsMGg2clh3NUtpeDgwNFQ0QUdmR3ArYkhtMnpybTFMbVlTMVVOcnVQVUlkK0p0YXByMHAyd08yQUFsdWoKWnVvRjZycDc1aFRQcUpwRVpvOElqeWZDbTJ6dFFpT2NRVVp3UC9SUVJVZERyZ3RsWjFGL2cySTZUcERKeDdsVQpTN2cyMTdFY082bDBYS25XWE1hSzV4d09OZzRnTW9xWStsTFo3dHZrTnpmK3ozRitYakdWNFN6Z296SENOalk1Clp2RmVsclNvUE5HWUlrSjZ2MW9yeld2RnhrVUNBd0VBQWFOQ01FQXdEZ1lEVlIwUEFRSC9CQVFEQWdJRU1BOEcKQTFVZEV3RUIvd1FGTUFNQkFmOHdIUVlEVlIwT0JCWUVGRFdwMlNhckdLRWUvMWwzZ1JwQXhVT1pwYjc2TUEwRwpDU3FHU0liM0RRRUJDd1VBQTRJQmdRQXBRS25RTnh1MXVvbEdBNGZPVFNyMk45eXdQV0FzTlltV2g4cFZKaUk5CjVQNEVIWUtKRUJ6QmtPbXlUQjExcHlGRHl1ZlNnZHE4akJ6TlVLUUNJbUdDSm1xT2hWYkM3cUhOQ0NNMWdxRk8KVVMwbGlsOU5tbjJHcDlvaW5RdWV1bGZVRDhEOEs0Si9KbWFqVElHMDBodmdsTWR2dS94RVBvUUl3SGxTVW0ydwp6bkVWQk5OalowR0pvUldpTHV1SjRoMzRuRjc2amU4MEx2a2h4VnluZ2tmOGsydGF0V2xRd3NiMHhLaDU5Wjg4CitZcWZRWWEzYTFnTlFLK2pSaXlTcFdxOUFwUytacS9aTzVDaE5odlMvalF2NlhtWFN2R3lobE1sTHdiRG9QWGwKeGkvRmJjWStwTEdVTFF0OWdnd291WndXWC9ScGw0eVc5VmdidUEzS3BJNGIwUk5IeEE3WlpHL21hWXA1azhlYwpEMG9KU1NBbklVcDZKWWJKaHJQOVIya0dUa2p1SXVHL01tTjJZQmtYWEZoNGNmUkNWNzZTV2hObVNoaHRIS010CllUN04xbGsreFlINW96UjJtVFhxR1IzdkdZVHhRVDBKVDBNZVU3SDA2bHFaQWl4TGNYSWdKVjUwR2M4U3NhQVEKa3Y4dEFyZWVFZlRrbXpsRlIrSENQeXc9Ci0tLS0tRU5EIENFUlRJRklDQVRFLS0tLS0K"
              }
            ],
            "master_authorized_networks_config": [
              {
                "cidr_blocks": [
                  {
                    "cidr_block": "10.10.2.0/24",
                    "display_name": "external access"
                  }
                ],
                "gcp_public_cidrs_access_enabled": false
              }
            ],
            "master_version": "1.27.3-gke.100",
            "mesh_certificates": [],
            "min_master_version": null,
            "monitoring_config": [
              {
                "advanced_datapath_observability_config": [
                  {
                    "enable_metrics": false,
                    "relay_mode": "DISABLED"
                  }
                ],
                "enable_components": [
                  "SYSTEM_COMPONENTS"
                ],
                "managed_prometheus": [
                  {
                    "enabled": true
                  }
                ]
              }
            ],
            "monitoring_service": "monitoring.googleapis.com/kubernetes",
            "name": "private-cluster",
            "network": "projects/first-project-gcp-course/global/networks/tf-test",
            "network_policy": [
              {
                "enabled": false,
                "provider": "PROVIDER_UNSPECIFIED"
              }
            ],
            "networking_mode": "VPC_NATIVE",
            "node_config": [
              {
                "advanced_machine_features": [],
                "boot_disk_kms_key": "",
                "confidential_nodes": [],
                "disk_size_gb": 100,
                "disk_type": "pd-balanced",
                "effective_taints": [],
                "ephemeral_storage_local_ssd_config": [],
                "fast_socket": [],
                "gcfs_config": [],
                "guest_accelerator": [],
                "gvnic": [],
                "host_maintenance_policy": [],
                "image_type": "COS_CONTAINERD",
                "kubelet_config": [],
                "labels": {},
                "linux_node_config": [],
                "local_nvme_ssd_block_config": [],
                "local_ssd_count": 0,
                "logging_variant": "DEFAULT",
                "machine_type": "e2-small",
                "metadata": {
                  "disable-legacy-endpoints": "true"
                },
                "min_cpu_platform": "",
                "node_group": "",
                "oauth_scopes": [
                  "https://www.googleapis.com/auth/cloud-platform"
                ],
                "preemptible": true,
                "reservation_affinity": [],
                "resource_labels": {},
                "service_account": "gke-service-account@first-project-gcp-course.iam.gserviceaccount.com",
                "shielded_instance_config": [
                  {
                    "enable_integrity_monitoring": true,
                    "enable_secure_boot": false
                  }
                ],
                "sole_tenant_config": [],
                "spot": false,
                "tags": [],
                "taint": [],
                "workload_metadata_config": []
              }
            ],
            "node_locations": [
              "asia-east2-a",
              "asia-east2-b",
              "asia-east2-c"
            ],
            "node_pool": [
              {
                "autoscaling": [],
                "initial_node_count": 1,
                "instance_group_urls": [
                  "https://www.googleapis.com/compute/v1/projects/first-project-gcp-course/zones/asia-east2-a/instanceGroupManagers/gke-private-cluster-node-pool-835579b9-grp",
                  "https://www.googleapis.com/compute/v1/projects/first-project-gcp-course/zones/asia-east2-b/instanceGroupManagers/gke-private-cluster-node-pool-6538abe1-grp",
                  "https://www.googleapis.com/compute/v1/projects/first-project-gcp-course/zones/asia-east2-c/instanceGroupManagers/gke-private-cluster-node-pool-e3579f57-grp"
                ],
                "managed_instance_group_urls": [
                  "https://www.googleapis.com/compute/v1/projects/first-project-gcp-course/zones/asia-east2-a/instanceGroups/gke-private-cluster-node-pool-835579b9-grp",
                  "https://www.googleapis.com/compute/v1/projects/first-project-gcp-course/zones/asia-east2-b/instanceGroups/gke-private-cluster-node-pool-6538abe1-grp",
                  "https://www.googleapis.com/compute/v1/projects/first-project-gcp-course/zones/asia-east2-c/instanceGroups/gke-private-cluster-node-pool-e3579f57-grp"
                ],
                "management": [
                  {
                    "auto_repair": true,
                    "auto_upgrade": true
                  }
                ],
                "max_pods_per_node": 110,
                "name": "node-pool",
                "name_prefix": "",
                "network_config": [
                  {
                    "create_pod_range": false,
                    "enable_private_nodes": false,
                    "pod_cidr_overprovision_config": [],
                    "pod_ipv4_cidr_block": "10.192.0.0/14",
                    "pod_range": "gke-private-cluster-pods-2bc88502"
                  }
                ],
                "node_config": [
                  {
                    "advanced_machine_features": [],
                    "boot_disk_kms_key": "",
                    "confidential_nodes": [],
                    "disk_size_gb": 100,
                    "disk_type": "pd-balanced",
                    "effective_taints": [],
                    "ephemeral_storage_local_ssd_config": [],
                    "fast_socket": [],
                    "gcfs_config": [],
                    "guest_accelerator": [],
                    "gvnic": [],
                    "host_maintenance_policy": [],
                    "image_type": "COS_CONTAINERD",
                    "kubelet_config": [],
                    "labels": {},
                    "linux_node_config": [],
                    "local_nvme_ssd_block_config": [],
                    "local_ssd_count": 0,
                    "logging_variant": "DEFAULT",
                    "machine_type": "e2-small",
                    "metadata": {
                      "disable-legacy-endpoints": "true"
                    },
                    "min_cpu_platform": "",
                    "node_group": "",
                    "oauth_scopes": [
                      "https://www.googleapis.com/auth/cloud-platform"
                    ],
                    "preemptible": true,
                    "reservation_affinity": [],
                    "resource_labels": {},
                    "service_account": "gke-service-account@first-project-gcp-course.iam.gserviceaccount.com",
                    "shielded_instance_config": [
                      {
                        "enable_integrity_monitoring": true,
                        "enable_secure_boot": false
                      }
                    ],
                    "sole_tenant_config": [],
                    "spot": false,
                    "tags": [],
                    "taint": [],
                    "workload_metadata_config": []
                  }
                ],
                "node_count": 1,
                "node_locations": [
                  "asia-east2-a",
                  "asia-east2-b",
                  "asia-east2-c"
                ],
                "placement_policy": [],
                "upgrade_settings": [
                  {
                    "blue_green_settings": [],
                    "max_surge": 1,
                    "max_unavailable": 0,
                    "strategy": "SURGE"
                  }
                ],
                "version": "1.27.3-gke.100"
              }
            ],
            "node_pool_auto_config": [],
            "node_pool_defaults": [
              {
                "node_config_defaults": [
                  {
                    "logging_variant": "DEFAULT"
                  }
                ]
              }
            ],
            "node_version": "1.27.3-gke.100",
            "notification_config": [
              {
                "pubsub": [
                  {
                    "enabled": false,
                    "filter": [],
                    "topic": ""
                  }
                ]
              }
            ],
            "operation": null,
            "private_cluster_config": [
              {
                "enable_private_endpoint": true,
                "enable_private_nodes": true,
                "master_global_access_config": [
                  {
                    "enabled": true
                  }
                ],
                "master_ipv4_cidr_block": "172.16.0.32/28",
                "peering_name": "gke-n806d87b426a455a5870-b916-4000-peer",
                "private_endpoint": "172.16.0.34",
                "private_endpoint_subnetwork": "",
                "public_endpoint": "34.96.196.180"
              }
            ],
            "private_ipv6_google_access": "",
            "project": "first-project-gcp-course",
            "release_channel": [
              {
                "channel": "REGULAR"
              }
            ],
            "remove_default_node_pool": true,
            "resource_labels": {},
            "resource_usage_export_config": [],
            "security_posture_config": [
              {
                "mode": "BASIC",
                "vulnerability_mode": "VULNERABILITY_MODE_UNSPECIFIED"
              }
            ],
            "self_link": "https://container.googleapis.com/v1/projects/first-project-gcp-course/locations/asia-east2/clusters/private-cluster",
            "service_external_ips_config": [
              {
                "enabled": false
              }
            ],
            "services_ipv4_cidr": "10.196.0.0/20",
            "subnetwork": "projects/first-project-gcp-course/regions/asia-east2/subnetworks/workload-subnet",
            "timeouts": null,
            "tpu_ipv4_cidr_block": "",
            "vertical_pod_autoscaling": [],
            "workload_identity_config": []
          },
          "sensitive_attributes": [],
          "private": "eyJlMmJmYjczMC1lY2FhLTExZTYtOGY4OC0zNDM2M2JjN2M0YzAiOnsiY3JlYXRlIjoyNDAwMDAwMDAwMDAwLCJkZWxldGUiOjI0MDAwMDAwMDAwMDAsInJlYWQiOjI0MDAwMDAwMDAwMDAsInVwZGF0ZSI6MzYwMDAwMDAwMDAwMH0sInNjaGVtYV92ZXJzaW9uIjoiMiJ9",
          "dependencies": [
            "module.network.google_compute_network.abdo_vpc",
            "module.network.google_compute_subnetwork.management_subnet",
            "module.network.google_compute_subnetwork.workload_subnet"
          ]
        }
      ]
    },
    {
      "mode": "managed",
      "type": "google_container_node_pool",
      "name": "node_pool",
      "provider": "provider[\"registry.terraform.io/hashicorp/google\"]",
      "instances": [
        {
          "schema_version": 1,
          "attributes": {
            "autoscaling": [],
            "cluster": "projects/first-project-gcp-course/locations/asia-east2/clusters/private-cluster",
            "id": "projects/first-project-gcp-course/locations/asia-east2/clusters/private-cluster/nodePools/node-pool",
            "initial_node_count": 1,
            "instance_group_urls": [
              "https://www.googleapis.com/compute/v1/projects/first-project-gcp-course/zones/asia-east2-a/instanceGroupManagers/gke-private-cluster-node-pool-835579b9-grp",
              "https://www.googleapis.com/compute/v1/projects/first-project-gcp-course/zones/asia-east2-b/instanceGroupManagers/gke-private-cluster-node-pool-6538abe1-grp",
              "https://www.googleapis.com/compute/v1/projects/first-project-gcp-course/zones/asia-east2-c/instanceGroupManagers/gke-private-cluster-node-pool-e3579f57-grp"
            ],
            "location": "asia-east2",
            "managed_instance_group_urls": [
              "https://www.googleapis.com/compute/v1/projects/first-project-gcp-course/zones/asia-east2-a/instanceGroups/gke-private-cluster-node-pool-835579b9-grp",
              "https://www.googleapis.com/compute/v1/projects/first-project-gcp-course/zones/asia-east2-b/instanceGroups/gke-private-cluster-node-pool-6538abe1-grp",
              "https://www.googleapis.com/compute/v1/projects/first-project-gcp-course/zones/asia-east2-c/instanceGroups/gke-private-cluster-node-pool-e3579f57-grp"
            ],
            "management": [
              {
                "auto_repair": true,
                "auto_upgrade": true
              }
            ],
            "max_pods_per_node": 110,
            "name": "node-pool",
            "name_prefix": "",
            "network_config": [
              {
                "create_pod_range": false,
                "enable_private_nodes": false,
                "pod_cidr_overprovision_config": [],
                "pod_ipv4_cidr_block": "10.192.0.0/14",
                "pod_range": "gke-private-cluster-pods-2bc88502"
              }
            ],
            "node_config": [
              {
                "advanced_machine_features": [],
                "boot_disk_kms_key": "",
                "confidential_nodes": [],
                "disk_size_gb": 100,
                "disk_type": "pd-balanced",
                "effective_taints": [],
                "ephemeral_storage_local_ssd_config": [],
                "fast_socket": [],
                "gcfs_config": [],
                "guest_accelerator": [],
                "gvnic": [],
                "host_maintenance_policy": [],
                "image_type": "COS_CONTAINERD",
                "kubelet_config": [],
                "labels": {},
                "linux_node_config": [],
                "local_nvme_ssd_block_config": [],
                "local_ssd_count": 0,
                "logging_variant": "DEFAULT",
                "machine_type": "e2-small",
                "metadata": {
                  "disable-legacy-endpoints": "true"
                },
                "min_cpu_platform": "",
                "node_group": "",
                "oauth_scopes": [
                  "https://www.googleapis.com/auth/cloud-platform"
                ],
                "preemptible": true,
                "reservation_affinity": [],
                "resource_labels": {},
                "service_account": "gke-service-account@first-project-gcp-course.iam.gserviceaccount.com",
                "shielded_instance_config": [
                  {
                    "enable_integrity_monitoring": true,
                    "enable_secure_boot": false
                  }
                ],
                "sole_tenant_config": [],
                "spot": false,
                "tags": [],
                "taint": [],
                "workload_metadata_config": []
              }
            ],
            "node_count": 1,
            "node_locations": [
              "asia-east2-a",
              "asia-east2-b",
              "asia-east2-c"
            ],
            "operation": null,
            "placement_policy": [],
            "project": "first-project-gcp-course",
            "timeouts": null,
            "upgrade_settings": [
              {
                "blue_green_settings": [],
                "max_surge": 1,
                "max_unavailable": 0,
                "strategy": "SURGE"
              }
            ],
            "version": "1.27.3-gke.100"
          },
          "sensitive_attributes": [],
          "private": "eyJlMmJmYjczMC1lY2FhLTExZTYtOGY4OC0zNDM2M2JjN2M0YzAiOnsiY3JlYXRlIjoxODAwMDAwMDAwMDAwLCJkZWxldGUiOjE4MDAwMDAwMDAwMDAsInVwZGF0ZSI6MTgwMDAwMDAwMDAwMH0sInNjaGVtYV92ZXJzaW9uIjoiMSJ9",
          "dependencies": [
            "google_container_cluster.private-gke",
            "google_service_account.gke_service_account",
            "module.network.google_compute_network.abdo_vpc",
            "module.network.google_compute_subnetwork.management_subnet",
            "module.network.google_compute_subnetwork.workload_subnet"
          ]
        }
      ]
    },
    {
      "mode": "managed",
      "type": "google_project_iam_member",
      "name": "gke_role",
      "provider": "provider[\"registry.terraform.io/hashicorp/google\"]",
      "instances": [
        {
          "schema_version": 0,
          "attributes": {
            "condition": [],
            "etag": "BwYIZftElwc=",
            "id": "first-project-gcp-course/roles/storage.objectViewer/serviceAccount:gke-service-account@first-project-gcp-course.iam.gserviceaccount.com",
            "member": "serviceAccount:gke-service-account@first-project-gcp-course.iam.gserviceaccount.com",
            "project": "first-project-gcp-course",
            "role": "roles/storage.objectViewer"
          },
          "sensitive_attributes": [],
          "private": "bnVsbA==",
          "dependencies": [
            "google_service_account.gke_service_account"
          ]
        }
      ]
    },
    {
      "mode": "managed",
      "type": "google_project_iam_member",
      "name": "gke_role2",
      "provider": "provider[\"registry.terraform.io/hashicorp/google\"]",
      "instances": [
        {
          "schema_version": 0,
          "attributes": {
            "condition": [],
            "etag": "BwYIZftElwc=",
            "id": "first-project-gcp-course/roles/iam.workloadIdentityUser/serviceAccount:gke-service-account@first-project-gcp-course.iam.gserviceaccount.com",
            "member": "serviceAccount:gke-service-account@first-project-gcp-course.iam.gserviceaccount.com",
            "project": "first-project-gcp-course",
            "role": "roles/iam.workloadIdentityUser"
          },
          "sensitive_attributes": [],
          "private": "bnVsbA==",
          "dependencies": [
            "google_service_account.gke_service_account"
          ]
        }
      ]
    },
    {
      "mode": "managed",
      "type": "google_project_iam_member",
      "name": "vm_role",
      "provider": "provider[\"registry.terraform.io/hashicorp/google\"]",
      "instances": [
        {
          "schema_version": 0,
          "attributes": {
            "condition": [],
            "etag": "BwYIZftElwc=",
            "id": "first-project-gcp-course/roles/container.admin/serviceAccount:vm-machine-service-account@first-project-gcp-course.iam.gserviceaccount.com",
            "member": "serviceAccount:vm-machine-service-account@first-project-gcp-course.iam.gserviceaccount.com",
            "project": "first-project-gcp-course",
            "role": "roles/container.admin"
          },
          "sensitive_attributes": [],
          "private": "bnVsbA==",
          "dependencies": [
            "google_service_account.vm_service_account"
          ]
        }
      ]
    },
    {
      "mode": "managed",
      "type": "google_project_iam_member",
      "name": "vm_role2",
      "provider": "provider[\"registry.terraform.io/hashicorp/google\"]",
      "instances": [
        {
          "schema_version": 0,
          "attributes": {
            "condition": [],
            "etag": "BwYIZftElwc=",
            "id": "first-project-gcp-course/roles/storage.admin/serviceAccount:vm-machine-service-account@first-project-gcp-course.iam.gserviceaccount.com",
            "member": "serviceAccount:vm-machine-service-account@first-project-gcp-course.iam.gserviceaccount.com",
            "project": "first-project-gcp-course",
            "role": "roles/storage.admin"
          },
          "sensitive_attributes": [],
          "private": "bnVsbA==",
          "dependencies": [
            "google_service_account.vm_service_account"
          ]
        }
      ]
    },
    {
      "mode": "managed",
      "type": "google_project_iam_member",
      "name": "vm_role3",
      "provider": "provider[\"registry.terraform.io/hashicorp/google\"]",
      "instances": [
        {
          "schema_version": 0,
          "attributes": {
            "condition": [],
            "etag": "BwYIZftElwc=",
            "id": "first-project-gcp-course/roles/storage.objectViewer/serviceAccount:vm-machine-service-account@first-project-gcp-course.iam.gserviceaccount.com",
            "member": "serviceAccount:vm-machine-service-account@first-project-gcp-course.iam.gserviceaccount.com",
            "project": "first-project-gcp-course",
            "role": "roles/storage.objectViewer"
          },
          "sensitive_attributes": [],
          "private": "bnVsbA==",
          "dependencies": [
            "google_service_account.vm_service_account"
          ]
        }
      ]
    },
    {
      "mode": "managed",
      "type": "google_project_iam_member",
      "name": "vm_role4",
      "provider": "provider[\"registry.terraform.io/hashicorp/google\"]",
      "instances": [
        {
          "schema_version": 0,
          "attributes": {
            "condition": [],
            "etag": "BwYIZxf6yYQ=",
            "id": "first-project-gcp-course/roles/artifactregistry.admin/serviceAccount:vm-machine-service-account@first-project-gcp-course.iam.gserviceaccount.com",
            "member": "serviceAccount:vm-machine-service-account@first-project-gcp-course.iam.gserviceaccount.com",
            "project": "first-project-gcp-course",
            "role": "roles/artifactregistry.admin"
          },
          "sensitive_attributes": [],
          "private": "bnVsbA==",
          "dependencies": [
            "google_service_account.vm_service_account"
          ]
        }
      ]
    },
    {
      "mode": "managed",
      "type": "google_service_account",
      "name": "gke_service_account",
      "provider": "provider[\"registry.terraform.io/hashicorp/google\"]",
      "instances": [
        {
          "schema_version": 0,
          "attributes": {
            "account_id": "gke-service-account",
            "description": "",
            "disabled": false,
            "display_name": "GKE Service Account",
            "email": "gke-service-account@first-project-gcp-course.iam.gserviceaccount.com",
            "id": "projects/first-project-gcp-course/serviceAccounts/gke-service-account@first-project-gcp-course.iam.gserviceaccount.com",
            "member": "serviceAccount:gke-service-account@first-project-gcp-course.iam.gserviceaccount.com",
            "name": "projects/first-project-gcp-course/serviceAccounts/gke-service-account@first-project-gcp-course.iam.gserviceaccount.com",
            "project": "first-project-gcp-course",
            "timeouts": null,
            "unique_id": "109385737197041394884"
          },
          "sensitive_attributes": [],
          "private": "eyJlMmJmYjczMC1lY2FhLTExZTYtOGY4OC0zNDM2M2JjN2M0YzAiOnsiY3JlYXRlIjozMDAwMDAwMDAwMDB9fQ=="
        }
      ]
    },
    {
      "mode": "managed",
      "type": "google_service_account",
      "name": "vm_service_account",
      "provider": "provider[\"registry.terraform.io/hashicorp/google\"]",
      "instances": [
        {
          "schema_version": 0,
          "attributes": {
            "account_id": "vm-machine-service-account",
            "description": "",
            "disabled": false,
            "display_name": "VM Service Account",
            "email": "vm-machine-service-account@first-project-gcp-course.iam.gserviceaccount.com",
            "id": "projects/first-project-gcp-course/serviceAccounts/vm-machine-service-account@first-project-gcp-course.iam.gserviceaccount.com",
            "member": "serviceAccount:vm-machine-service-account@first-project-gcp-course.iam.gserviceaccount.com",
            "name": "projects/first-project-gcp-course/serviceAccounts/vm-machine-service-account@first-project-gcp-course.iam.gserviceaccount.com",
            "project": "first-project-gcp-course",
            "timeouts": null,
            "unique_id": "100668194737005152869"
          },
          "sensitive_attributes": [],
          "private": "eyJlMmJmYjczMC1lY2FhLTExZTYtOGY4OC0zNDM2M2JjN2M0YzAiOnsiY3JlYXRlIjozMDAwMDAwMDAwMDB9fQ=="
        }
      ]
    },
    {
      "module": "module.network",
      "mode": "managed",
      "type": "google_compute_firewall",
      "name": "iap_firewall",
      "provider": "provider[\"registry.terraform.io/hashicorp/google\"]",
      "instances": [
        {
          "schema_version": 1,
          "attributes": {
            "allow": [
              {
                "ports": [
                  "80",
                  "22",
                  "443"
                ],
                "protocol": "tcp"
              }
            ],
            "creation_timestamp": "2023-10-23T10:39:03.972-07:00",
            "deny": [],
            "description": "",
            "destination_ranges": [],
            "direction": "INGRESS",
            "disabled": false,
            "enable_logging": null,
            "id": "projects/first-project-gcp-course/global/firewalls/ssh-using-iap",
            "log_config": [],
            "name": "ssh-using-iap",
            "network": "https://www.googleapis.com/compute/v1/projects/first-project-gcp-course/global/networks/tf-test",
            "priority": 1000,
            "project": "first-project-gcp-course",
            "self_link": "https://www.googleapis.com/compute/v1/projects/first-project-gcp-course/global/firewalls/ssh-using-iap",
            "source_ranges": [
              "35.235.240.0/20"
            ],
            "source_service_accounts": [],
            "source_tags": [],
            "target_service_accounts": [],
            "target_tags": [],
            "timeouts": null
          },
          "sensitive_attributes": [],
          "private": "eyJlMmJmYjczMC1lY2FhLTExZTYtOGY4OC0zNDM2M2JjN2M0YzAiOnsiY3JlYXRlIjoxMjAwMDAwMDAwMDAwLCJkZWxldGUiOjEyMDAwMDAwMDAwMDAsInVwZGF0ZSI6MTIwMDAwMDAwMDAwMH0sInNjaGVtYV92ZXJzaW9uIjoiMSJ9",
          "dependencies": [
            "module.network.google_compute_network.abdo_vpc"
          ]
        }
      ]
    },
    {
      "module": "module.network",
      "mode": "managed",
      "type": "google_compute_network",
      "name": "abdo_vpc",
      "provider": "provider[\"registry.terraform.io/hashicorp/google\"]",
      "instances": [
        {
          "schema_version": 0,
          "attributes": {
            "auto_create_subnetworks": false,
            "delete_default_routes_on_create": false,
            "description": "",
            "enable_ula_internal_ipv6": false,
            "gateway_ipv4": "",
            "id": "projects/first-project-gcp-course/global/networks/tf-test",
            "internal_ipv6_range": "",
            "mtu": 0,
            "name": "tf-test",
            "network_firewall_policy_enforcement_order": "AFTER_CLASSIC_FIREWALL",
            "project": "first-project-gcp-course",
            "routing_mode": "REGIONAL",
            "self_link": "https://www.googleapis.com/compute/v1/projects/first-project-gcp-course/global/networks/tf-test",
            "timeouts": null
          },
          "sensitive_attributes": [],
          "private": "eyJlMmJmYjczMC1lY2FhLTExZTYtOGY4OC0zNDM2M2JjN2M0YzAiOnsiY3JlYXRlIjoxMjAwMDAwMDAwMDAwLCJkZWxldGUiOjEyMDAwMDAwMDAwMDAsInVwZGF0ZSI6MTIwMDAwMDAwMDAwMH19"
        }
      ]
    },
    {
      "module": "module.network",
      "mode": "managed",
      "type": "google_compute_router",
      "name": "router",
      "provider": "provider[\"registry.terraform.io/hashicorp/google\"]",
      "instances": [
        {
          "schema_version": 0,
          "attributes": {
            "bgp": [],
            "creation_timestamp": "2023-10-23T10:39:34.896-07:00",
            "description": "",
            "encrypted_interconnect_router": false,
            "id": "projects/first-project-gcp-course/regions/asia-east1/routers/nat-router",
            "name": "nat-router",
            "network": "https://www.googleapis.com/compute/v1/projects/first-project-gcp-course/global/networks/tf-test",
            "project": "first-project-gcp-course",
            "region": "asia-east1",
            "self_link": "https://www.googleapis.com/compute/v1/projects/first-project-gcp-course/regions/asia-east1/routers/nat-router",
            "timeouts": null
          },
          "sensitive_attributes": [],
          "private": "eyJlMmJmYjczMC1lY2FhLTExZTYtOGY4OC0zNDM2M2JjN2M0YzAiOnsiY3JlYXRlIjoxMjAwMDAwMDAwMDAwLCJkZWxldGUiOjEyMDAwMDAwMDAwMDAsInVwZGF0ZSI6MTIwMDAwMDAwMDAwMH19",
          "dependencies": [
            "module.network.google_compute_network.abdo_vpc",
            "module.network.google_compute_subnetwork.management_subnet"
          ]
        }
      ]
    },
    {
      "module": "module.network",
      "mode": "managed",
      "type": "google_compute_router_nat",
      "name": "nat",
      "provider": "provider[\"registry.terraform.io/hashicorp/google\"]",
      "instances": [
        {
          "schema_version": 0,
          "attributes": {
            "drain_nat_ips": [],
            "enable_dynamic_port_allocation": false,
            "enable_endpoint_independent_mapping": false,
            "icmp_idle_timeout_sec": 30,
            "id": "first-project-gcp-course/asia-east1/nat-router/my-router-nat",
            "log_config": [
              {
                "enable": true,
                "filter": "ERRORS_ONLY"
              }
            ],
            "max_ports_per_vm": 0,
            "min_ports_per_vm": 0,
            "name": "my-router-nat",
            "nat_ip_allocate_option": "AUTO_ONLY",
            "nat_ips": [],
            "project": "first-project-gcp-course",
            "region": "asia-east1",
            "router": "nat-router",
            "rules": [],
            "source_subnetwork_ip_ranges_to_nat": "ALL_SUBNETWORKS_ALL_IP_RANGES",
            "subnetwork": [],
            "tcp_established_idle_timeout_sec": 1200,
            "tcp_time_wait_timeout_sec": 120,
            "tcp_transitory_idle_timeout_sec": 30,
            "timeouts": null,
            "udp_idle_timeout_sec": 30
          },
          "sensitive_attributes": [],
          "private": "eyJlMmJmYjczMC1lY2FhLTExZTYtOGY4OC0zNDM2M2JjN2M0YzAiOnsiY3JlYXRlIjoxMjAwMDAwMDAwMDAwLCJkZWxldGUiOjEyMDAwMDAwMDAwMDAsInVwZGF0ZSI6MTIwMDAwMDAwMDAwMH19",
          "dependencies": [
            "module.network.google_compute_network.abdo_vpc",
            "module.network.google_compute_router.router",
            "module.network.google_compute_subnetwork.management_subnet"
          ]
        }
      ]
    },
    {
      "module": "module.network",
      "mode": "managed",
      "type": "google_compute_subnetwork",
      "name": "management_subnet",
      "provider": "provider[\"registry.terraform.io/hashicorp/google\"]",
      "instances": [
        {
          "schema_version": 0,
          "attributes": {
            "creation_timestamp": "2023-10-23T10:39:05.770-07:00",
            "description": "",
            "external_ipv6_prefix": "",
            "fingerprint": null,
            "gateway_address": "10.10.2.1",
            "id": "projects/first-project-gcp-course/regions/asia-east1/subnetworks/management-subnet",
            "internal_ipv6_prefix": "",
            "ip_cidr_range": "10.10.2.0/24",
            "ipv6_access_type": "",
            "ipv6_cidr_range": "",
            "log_config": [],
            "name": "management-subnet",
            "network": "https://www.googleapis.com/compute/v1/projects/first-project-gcp-course/global/networks/tf-test",
            "private_ip_google_access": false,
            "private_ipv6_google_access": "DISABLE_GOOGLE_ACCESS",
            "project": "first-project-gcp-course",
            "purpose": "PRIVATE",
            "region": "asia-east1",
            "role": "",
            "secondary_ip_range": [],
            "self_link": "https://www.googleapis.com/compute/v1/projects/first-project-gcp-course/regions/asia-east1/subnetworks/management-subnet",
            "stack_type": "IPV4_ONLY",
            "timeouts": null
          },
          "sensitive_attributes": [],
          "private": "eyJlMmJmYjczMC1lY2FhLTExZTYtOGY4OC0zNDM2M2JjN2M0YzAiOnsiY3JlYXRlIjoxMjAwMDAwMDAwMDAwLCJkZWxldGUiOjEyMDAwMDAwMDAwMDAsInVwZGF0ZSI6MTIwMDAwMDAwMDAwMH19",
          "dependencies": [
            "module.network.google_compute_network.abdo_vpc"
          ]
        }
      ]
    },
    {
      "module": "module.network",
      "mode": "managed",
      "type": "google_compute_subnetwork",
      "name": "workload_subnet",
      "provider": "provider[\"registry.terraform.io/hashicorp/google\"]",
      "instances": [
        {
          "schema_version": 0,
          "attributes": {
            "creation_timestamp": "2023-10-23T10:39:06.414-07:00",
            "description": "",
            "external_ipv6_prefix": "",
            "fingerprint": null,
            "gateway_address": "10.10.3.1",
            "id": "projects/first-project-gcp-course/regions/asia-east2/subnetworks/workload-subnet",
            "internal_ipv6_prefix": "",
            "ip_cidr_range": "10.10.3.0/24",
            "ipv6_access_type": "",
            "ipv6_cidr_range": "",
            "log_config": [],
            "name": "workload-subnet",
            "network": "https://www.googleapis.com/compute/v1/projects/first-project-gcp-course/global/networks/tf-test",
            "private_ip_google_access": true,
            "private_ipv6_google_access": "DISABLE_GOOGLE_ACCESS",
            "project": "first-project-gcp-course",
            "purpose": "PRIVATE",
            "region": "asia-east2",
            "role": "",
            "secondary_ip_range": [
              {
                "ip_cidr_range": "10.192.0.0/14",
                "range_name": "gke-private-cluster-pods-2bc88502"
              },
              {
                "ip_cidr_range": "10.196.0.0/20",
                "range_name": "gke-private-cluster-services-2bc88502"
              }
            ],
            "self_link": "https://www.googleapis.com/compute/v1/projects/first-project-gcp-course/regions/asia-east2/subnetworks/workload-subnet",
            "stack_type": "IPV4_ONLY",
            "timeouts": null
          },
          "sensitive_attributes": [],
          "private": "eyJlMmJmYjczMC1lY2FhLTExZTYtOGY4OC0zNDM2M2JjN2M0YzAiOnsiY3JlYXRlIjoxMjAwMDAwMDAwMDAwLCJkZWxldGUiOjEyMDAwMDAwMDAwMDAsInVwZGF0ZSI6MTIwMDAwMDAwMDAwMH19",
          "dependencies": [
            "module.network.google_compute_network.abdo_vpc"
          ]
        }
      ]
    }
  ],
  "check_results": null
}
